
Microsoft Visual Studio Solution File, Format Version 12.00
# Visual Studio Version 17
VisualStudioVersion = 17.14.36121.58 d17.14
MinimumVisualStudioVersion = 10.0.40219.1
Project("{FAE04EC0-301F-11D3-BF4B-00C04F79EFBC}") = "Tela de Autenticação", "Tela de Autenticação.csproj", "{A1419573-CD3B-4CA4-8DC1-D8FAB266EF65}"
EndProject
Global
	GlobalSection(SolutionConfigurationPlatforms) = preSolution
		Debug|Any CPU = Debug|Any CPU
		Release|Any CPU = Release|Any CPU
	EndGlobalSection
	GlobalSection(ProjectConfigurationPlatforms) = postSolution
		{A1419573-CD3B-4CA4-8DC1-D8FAB266EF65}.Debug|Any CPU.ActiveCfg = Debug|Any CPU
		{A1419573-CD3B-4CA4-8DC1-D8FAB266EF65}.Debug|Any CPU.Build.0 = Debug|Any CPU
		{A1419573-CD3B-4CA4-8DC1-D8FAB266EF65}.Release|Any CPU.ActiveCfg = Release|Any CPU
		{A1419573-CD3B-4CA4-8DC1-D8FAB266EF65}.Release|Any CPU.Build.0 = Release|Any CPU
	EndGlobalSection
	GlobalSection(SolutionProperties) = preSolution
		HideSolutionNode = FALSE
	EndGlobalSection
	GlobalSection(ExtensibilityGlobals) = postSolution
		SolutionGuid = {1E72C0DE-78C2-40DB-B8FD-84B6BF5369BF}
	EndGlobalSection
EndGlobal
